// !$*UTF8*$!
{
	archiveVersion = 1;
	classes = {
	};
	objectVersion = 50;
	objects = {

/* Begin PBXBuildFile section */
		5DDCFBD226F272C2001AF897 /* AppDelegate.swift in Sources */ = {isa = PBXBuildFile; fileRef = 5DDCFBD126F272C2001AF897 /* AppDelegate.swift */; };
		5DDCFBD426F272C2001AF897 /* SceneDelegate.swift in Sources */ = {isa = PBXBuildFile; fileRef = 5DDCFBD326F272C2001AF897 /* SceneDelegate.swift */; };
		5DDCFBD626F272C2001AF897 /* ViewController.swift in Sources */ = {isa = PBXBuildFile; fileRef = 5DDCFBD526F272C2001AF897 /* ViewController.swift */; };
		5DDCFBD926F272C2001AF897 /* Main.storyboard in Resources */ = {isa = PBXBuildFile; fileRef = 5DDCFBD726F272C2001AF897 /* Main.storyboard */; };
		5DDCFBDB26F272C7001AF897 /* Assets.xcassets in Resources */ = {isa = PBXBuildFile; fileRef = 5DDCFBDA26F272C7001AF897 /* Assets.xcassets */; };
		5DDCFBDE26F272C7001AF897 /* LaunchScreen.storyboard in Resources */ = {isa = PBXBuildFile; fileRef = 5DDCFBDC26F272C7001AF897 /* LaunchScreen.storyboard */; };
		5DF350BD26F53B1C006C4C52 /* DisplayView.swift in Sources */ = {isa = PBXBuildFile; fileRef = 5DF350BC26F53B1C006C4C52 /* DisplayView.swift */; };
		5DF350BF26F53C76006C4C52 /* Pet.swift in Sources */ = {isa = PBXBuildFile; fileRef = 5DF350BE26F53C76006C4C52 /* Pet.swift */; };
		5DF350C426FF84D4006C4C52 /* dogplay.wav in Resources */ = {isa = PBXBuildFile; fileRef = 5DF350C326FF84D4006C4C52 /* dogplay.wav */; };
		5DF350C626FF8619006C4C52 /* dogfeed.wav in Resources */ = {isa = PBXBuildFile; fileRef = 5DF350C526FF8619006C4C52 /* dogfeed.wav */; };
		5DF350C926FF87E5006C4C52 /* catplay.wav in Resources */ = {isa = PBXBuildFile; fileRef = 5DF350C826FF87E5006C4C52 /* catplay.wav */; };
		5DF350CB26FF888E006C4C52 /* catfeed.wav in Resources */ = {isa = PBXBuildFile; fileRef = 5DF350CA26FF888E006C4C52 /* catfeed.wav */; };
		5DF350CD26FF8911006C4C52 /* birdplay.wav in Resources */ = {isa = PBXBuildFile; fileRef = 5DF350CC26FF8911006C4C52 /* birdplay.wav */; };
		5DF350D027010398006C4C52 /* birdfeed.wav in Resources */ = {isa = PBXBuildFile; fileRef = 5DF350CF27010397006C4C52 /* birdfeed.wav */; };
		5DF350D2270103B2006C4C52 /* bunnyfeed.wav in Resources */ = {isa = PBXBuildFile; fileRef = 5DF350D1270103B2006C4C52 /* bunnyfeed.wav */; };
		5DF350D427010453006C4C52 /* bunnyplay.wav in Resources */ = {isa = PBXBuildFile; fileRef = 5DF350D327010453006C4C52 /* bunnyplay.wav */; };
		5DF350D627010497006C4C52 /* fishplay.wav in Resources */ = {isa = PBXBuildFile; fileRef = 5DF350D527010497006C4C52 /* fishplay.wav */; };
		5DF350D8270104D9006C4C52 /* fishfeed.wav in Resources */ = {isa = PBXBuildFile; fileRef = 5DF350D7270104D8006C4C52 /* fishfeed.wav */; };
/* End PBXBuildFile section */

/* Begin PBXFileReference section */
		5DDCFBCE26F272C2001AF897 /* XinhaoSong-Lab2.app */ = {isa = PBXFileReference; explicitFileType = wrapper.application; includeInIndex = 0; path = "XinhaoSong-Lab2.app"; sourceTree = BUILT_PRODUCTS_DIR; };
		5DDCFBD126F272C2001AF897 /* AppDelegate.swift */ = {isa = PBXFileReference; lastKnownFileType = sourcecode.swift; path = AppDelegate.swift; sourceTree = "<group>"; };
		5DDCFBD326F272C2001AF897 /* SceneDelegate.swift */ = {isa = PBXFileReference; lastKnownFileType = sourcecode.swift; path = SceneDelegate.swift; sourceTree = "<group>"; };
		5DDCFBD526F272C2001AF897 /* ViewController.swift */ = {isa = PBXFileReference; lastKnownFileType = sourcecode.swift; path = ViewController.swift; sourceTree = "<group>"; };
		5DDCFBD826F272C2001AF897 /* Base */ = {isa = PBXFileReference; lastKnownFileType = file.storyboard; name = Base; path = Base.lproj/Main.storyboard; sourceTree = "<group>"; };
		5DDCFBDA26F272C7001AF897 /* Assets.xcassets */ = {isa = PBXFileReference; lastKnownFileType = folder.assetcatalog; path = Assets.xcassets; sourceTree = "<group>"; };
		5DDCFBDD26F272C7001AF897 /* Base */ = {isa = PBXFileReference; lastKnownFileType = file.storyboard; name = Base; path = Base.lproj/LaunchScreen.storyboard; sourceTree = "<group>"; };
		5DDCFBDF26F272C7001AF897 /* Info.plist */ = {isa = PBXFileReference; lastKnownFileType = text.plist.xml; path = Info.plist; sourceTree = "<group>"; };
		5DF350BC26F53B1C006C4C52 /* DisplayView.swift */ = {isa = PBXFileReference; fileEncoding = 4; lastKnownFileType = sourcecode.swift; path = DisplayView.swift; sourceTree = "<group>"; };
		5DF350BE26F53C76006C4C52 /* Pet.swift */ = {isa = PBXFileReference; lastKnownFileType = sourcecode.swift; path = Pet.swift; sourceTree = "<group>"; };
		5DF350C326FF84D4006C4C52 /* dogplay.wav */ = {isa = PBXFileReference; lastKnownFileType = audio.wav; path = dogplay.wav; sourceTree = "<group>"; };
		5DF350C526FF8619006C4C52 /* dogfeed.wav */ = {isa = PBXFileReference; lastKnownFileType = audio.wav; path = dogfeed.wav; sourceTree = "<group>"; };
		5DF350C826FF87E5006C4C52 /* catplay.wav */ = {isa = PBXFileReference; lastKnownFileType = audio.wav; path = catplay.wav; sourceTree = "<group>"; };
		5DF350CA26FF888E006C4C52 /* catfeed.wav */ = {isa = PBXFileReference; lastKnownFileType = audio.wav; path = catfeed.wav; sourceTree = "<group>"; };
		5DF350CC26FF8911006C4C52 /* birdplay.wav */ = {isa = PBXFileReference; lastKnownFileType = audio.wav; path = birdplay.wav; sourceTree = "<group>"; };
		5DF350CF27010397006C4C52 /* birdfeed.wav */ = {isa = PBXFileReference; lastKnownFileType = audio.wav; path = birdfeed.wav; sourceTree = "<group>"; };
		5DF350D1270103B2006C4C52 /* bunnyfeed.wav */ = {isa = PBXFileReference; lastKnownFileType = audio.wav; path = bunnyfeed.wav; sourceTree = "<group>"; };
		5DF350D327010453006C4C52 /* bunnyplay.wav */ = {isa = PBXFileReference; lastKnownFileType = audio.wav; path = bunnyplay.wav; sourceTree = "<group>"; };
		5DF350D527010497006C4C52 /* fishplay.wav */ = {isa = PBXFileReference; lastKnownFileType = audio.wav; path = fishplay.wav; sourceTree = "<group>"; };
		5DF350D7270104D8006C4C52 /* fishfeed.wav */ = {isa = PBXFileReference; lastKnownFileType = audio.wav; path = fishfeed.wav; sourceTree = "<group>"; };
/* End PBXFileReference section */

/* Begin PBXFrameworksBuildPhase section */
		5DDCFBCB26F272C2001AF897 /* Frameworks */ = {
			isa = PBXFrameworksBuildPhase;
			buildActionMask = 2147483647;
			files = (
			);
			runOnlyForDeploymentPostprocessing = 0;
		};
/* End PBXFrameworksBuildPhase section */

/* Begin PBXGroup section */
		5DDCFBC526F272C2001AF897 = {
			isa = PBXGroup;
			children = (
				5DF350C226FF84C5006C4C52 /* Sound */,
				5DDCFBD026F272C2001AF897 /* XinhaoSong-Lab2 */,
				5DDCFBCF26F272C2001AF897 /* Products */,
			);
			sourceTree = "<group>";
		};
		5DDCFBCF26F272C2001AF897 /* Products */ = {
			isa = PBXGroup;
			children = (
				5DDCFBCE26F272C2001AF897 /* XinhaoSong-Lab2.app */,
			);
			name = Products;
			sourceTree = "<group>";
		};
		5DDCFBD026F272C2001AF897 /* XinhaoSong-Lab2 */ = {
			isa = PBXGroup;
			children = (
				5DF350BE26F53C76006C4C52 /* Pet.swift */,
				5DDCFBD126F272C2001AF897 /* AppDelegate.swift */,
				5DDCFBD326F272C2001AF897 /* SceneDelegate.swift */,
				5DDCFBD526F272C2001AF897 /* ViewController.swift */,
				5DF350BC26F53B1C006C4C52 /* DisplayView.swift */,
				5DDCFBD726F272C2001AF897 /* Main.storyboard */,
				5DDCFBDA26F272C7001AF897 /* Assets.xcassets */,
				5DDCFBDC26F272C7001AF897 /* LaunchScreen.storyboard */,
				5DDCFBDF26F272C7001AF897 /* Info.plist */,
			);
			path = "XinhaoSong-Lab2";
			sourceTree = "<group>";
		};
		5DF350C226FF84C5006C4C52 /* Sound */ = {
			isa = PBXGroup;
			children = (
				5DF350D7270104D8006C4C52 /* fishfeed.wav */,
				5DF350D527010497006C4C52 /* fishplay.wav */,
				5DF350D1270103B2006C4C52 /* bunnyfeed.wav */,
				5DF350D327010453006C4C52 /* bunnyplay.wav */,
				5DF350CC26FF8911006C4C52 /* birdplay.wav */,
				5DF350CF27010397006C4C52 /* birdfeed.wav */,
				5DF350CA26FF888E006C4C52 /* catfeed.wav */,
				5DF350C826FF87E5006C4C52 /* catplay.wav */,
				5DF350C526FF8619006C4C52 /* dogfeed.wav */,
				5DF350C326FF84D4006C4C52 /* dogplay.wav */,
			);
			path = Sound;
			sourceTree = "<group>";
		};
/* End PBXGroup section */

/* Begin PBXNativeTarget section */
		5DDCFBCD26F272C2001AF897 /* XinhaoSong-Lab2 */ = {
			isa = PBXNativeTarget;
			buildConfigurationList = 5DDCFBE226F272C7001AF897 /* Build configuration list for PBXNativeTarget "XinhaoSong-Lab2" */;
			buildPhases = (
				5DDCFBCA26F272C2001AF897 /* Sources */,
				5DDCFBCB26F272C2001AF897 /* Frameworks */,
				5DDCFBCC26F272C2001AF897 /* Resources */,
			);
			buildRules = (
			);
			dependencies = (
			);
			name = "XinhaoSong-Lab2";
			productName = "XinhaoSong-Lab2";
			productReference = 5DDCFBCE26F272C2001AF897 /* XinhaoSong-Lab2.app */;
			productType = "com.apple.product-type.application";
		};
/* End PBXNativeTarget section */

/* Begin PBXProject section */
		5DDCFBC626F272C2001AF897 /* Project object */ = {
			isa = PBXProject;
			attributes = {
				LastSwiftUpdateCheck = 1250;
				LastUpgradeCheck = 1250;
				TargetAttributes = {
					5DDCFBCD26F272C2001AF897 = {
						CreatedOnToolsVersion = 12.5;
					};
				};
			};
			buildConfigurationList = 5DDCFBC926F272C2001AF897 /* Build configuration list for PBXProject "XinhaoSong-Lab2" */;
			compatibilityVersion = "Xcode 9.3";
			developmentRegion = en;
			hasScannedForEncodings = 0;
			knownRegions = (
				en,
				Base,
			);
			mainGroup = 5DDCFBC526F272C2001AF897;
			productRefGroup = 5DDCFBCF26F272C2001AF897 /* Products */;
			projectDirPath = "";
			projectRoot = "";
			targets = (
				5DDCFBCD26F272C2001AF897 /* XinhaoSong-Lab2 */,
			);
		};
/* End PBXProject section */

/* Begin PBXResourcesBuildPhase section */
		5DDCFBCC26F272C2001AF897 /* Resources */ = {
			isa = PBXResourcesBuildPhase;
			buildActionMask = 2147483647;
			files = (
				5DF350D627010497006C4C52 /* fishplay.wav in Resources */,
				5DF350D8270104D9006C4C52 /* fishfeed.wav in Resources */,
				5DDCFBDE26F272C7001AF897 /* LaunchScreen.storyboard in Resources */,
				5DDCFBDB26F272C7001AF897 /* Assets.xcassets in Resources */,
				5DF350D027010398006C4C52 /* birdfeed.wav in Resources */,
				5DF350C626FF8619006C4C52 /* dogfeed.wav in Resources */,
				5DF350C926FF87E5006C4C52 /* catplay.wav in Resources */,
				5DF350D2270103B2006C4C52 /* bunnyfeed.wav in Resources */,
				5DF350CD26FF8911006C4C52 /* birdplay.wav in Resources */,
				5DF350D427010453006C4C52 /* bunnyplay.wav in Resources */,
				5DF350CB26FF888E006C4C52 /* catfeed.wav in Resources */,
				5DDCFBD926F272C2001AF897 /* Main.storyboard in Resources */,
				5DF350C426FF84D4006C4C52 /* dogplay.wav in Resources */,
			);
			runOnlyForDeploymentPostprocessing = 0;
		};
/* End PBXResourcesBuildPhase section */

/* Begin PBXSourcesBuildPhase section */
		5DDCFBCA26F272C2001AF897 /* Sources */ = {
			isa = PBXSourcesBuildPhase;
			buildActionMask = 2147483647;
			files = (
				5DF350BF26F53C76006C4C52 /* Pet.swift in Sources */,
				5DDCFBD626F272C2001AF897 /* ViewController.swift in Sources */,
				5DF350BD26F53B1C006C4C52 /* DisplayView.swift in Sources */,
				5DDCFBD226F272C2001AF897 /* AppDelegate.swift in Sources */,
				5DDCFBD426F272C2001AF897 /* SceneDelegate.swift in Sources */,
			);
			runOnlyForDeploymentPostprocessing = 0;
		};
/* End PBXSourcesBuildPhase section */

/* Begin PBXVariantGroup section */
		5DDCFBD726F272C2001AF897 /* Main.storyboard */ = {
			isa = PBXVariantGroup;
			children = (
				5DDCFBD826F272C2001AF897 /* Base */,
			);
			name = Main.storyboard;
			sourceTree = "<group>";
		};
		5DDCFBDC26F272C7001AF897 /* LaunchScreen.storyboard */ = {
			isa = PBXVariantGroup;
			children = (
				5DDCFBDD26F272C7001AF897 /* Base */,
			);
			name = LaunchScreen.storyboard;
			sourceTree = "<group>";
		};
/* End PBXVariantGroup section */

/* Begin XCBuildConfiguration section */
		5DDCFBE026F272C7001AF897 /* Debug */ = {
			isa = XCBuildConfiguration;
			buildSettings = {
				ALWAYS_SEARCH_USER_PATHS = NO;
				CLANG_ANALYZER_NONNULL = YES;
				CLANG_ANALYZER_NUMBER_OBJECT_CONVERSION = YES_AGGRESSIVE;
				CLANG_CXX_LANGUAGE_STANDARD = "gnu++14";
				CLANG_CXX_LIBRARY = "libc++";
				CLANG_ENABLE_MODULES = YES;
				CLANG_ENABLE_OBJC_ARC = YES;
				CLANG_ENABLE_OBJC_WEAK = YES;
				CLANG_WARN_BLOCK_CAPTURE_AUTORELEASING = YES;
				CLANG_WARN_BOOL_CONVERSION = YES;
				CLANG_WARN_COMMA = YES;
				CLANG_WARN_CONSTANT_CONVERSION = YES;
				CLANG_WARN_DEPRECATED_OBJC_IMPLEMENTATIONS = YES;
				CLANG_WARN_DIRECT_OBJC_ISA_USAGE = YES_ERROR;
				CLANG_WARN_DOCUMENTATION_COMMENTS = YES;
				CLANG_WARN_EMPTY_BODY = YES;
				CLANG_WARN_ENUM_CONVERSION = YES;
				CLANG_WARN_INFINITE_RECURSION = YES;
				CLANG_WARN_INT_CONVERSION = YES;
				CLANG_WARN_NON_LITERAL_NULL_CONVERSION = YES;
				CLANG_WARN_OBJC_IMPLICIT_RETAIN_SELF = YES;
				CLANG_WARN_OBJC_LITERAL_CONVERSION = YES;
				CLANG_WARN_OBJC_ROOT_CLASS = YES_ERROR;
				CLANG_WARN_QUOTED_INCLUDE_IN_FRAMEWORK_HEADER = YES;
				CLANG_WARN_RANGE_LOOP_ANALYSIS = YES;
				CLANG_WARN_STRICT_PROTOTYPES = YES;
				CLANG_WARN_SUSPICIOUS_MOVE = YES;
				CLANG_WARN_UNGUARDED_AVAILABILITY = YES_AGGRESSIVE;
				CLANG_WARN_UNREACHABLE_CODE = YES;
				CLANG_WARN__DUPLICATE_METHOD_MATCH = YES;
				COPY_PHASE_STRIP = NO;
				DEBUG_INFORMATION_FORMAT = dwarf;
				ENABLE_STRICT_OBJC_MSGSEND = YES;
				ENABLE_TESTABILITY = YES;
				GCC_C_LANGUAGE_STANDARD = gnu11;
				GCC_DYNAMIC_NO_PIC = NO;
				GCC_NO_COMMON_BLOCKS = YES;
				GCC_OPTIMIZATION_LEVEL = 0;
				GCC_PREPROCESSOR_DEFINITIONS = (
					"DEBUG=1",
					"$(inherited)",
				);
				GCC_WARN_64_TO_32_BIT_CONVERSION = YES;
				GCC_WARN_ABOUT_RETURN_TYPE = YES_ERROR;
				GCC_WARN_UNDECLARED_SELECTOR = YES;
				GCC_WARN_UNINITIALIZED_AUTOS = YES_AGGRESSIVE;
				GCC_WARN_UNUSED_FUNCTION = YES;
				GCC_WARN_UNUSED_VARIABLE = YES;
				IPHONEOS_DEPLOYMENT_TARGET = 14.5;
				MTL_ENABLE_DEBUG_INFO = INCLUDE_SOURCE;
				MTL_FAST_MATH = YES;
				ONLY_ACTIVE_ARCH = YES;
				SDKROOT = iphoneos;
				SWIFT_ACTIVE_COMPILATION_CONDITIONS = DEBUG;
				SWIFT_OPTIMIZATION_LEVEL = "-Onone";
			};
			name = Debug;
		};
		5DDCFBE126F272C7001AF897 /* Release */ = {
			isa = XCBuildConfiguration;
			buildSettings = {
				ALWAYS_SEARCH_USER_PATHS = NO;
				CLANG_ANALYZER_NONNULL = YES;
				CLANG_ANALYZER_NUMBER_OBJECT_CONVERSION = YES_AGGRESSIVE;
				CLANG_CXX_LANGUAGE_STANDARD = "gnu++14";
				CLANG_CXX_LIBRARY = "libc++";
				CLANG_ENABLE_MODULES = YES;
				CLANG_ENABLE_OBJC_ARC = YES;
				CLANG_ENABLE_OBJC_WEAK = YES;
				CLANG_WARN_BLOCK_CAPTURE_AUTORELEASING = YES;
				CLANG_WARN_BOOL_CONVERSION = YES;
				CLANG_WARN_COMMA = YES;
				CLANG_WARN_CONSTANT_CONVERSION = YES;
				CLANG_WARN_DEPRECATED_OBJC_IMPLEMENTATIONS = YES;
				CLANG_WARN_DIRECT_OBJC_ISA_USAGE = YES_ERROR;
				CLANG_WARN_DOCUMENTATION_COMMENTS = YES;
				CLANG_WARN_EMPTY_BODY = YES;
				CLANG_WARN_ENUM_CONVERSION = YES;
				CLANG_WARN_INFINITE_RECURSION = YES;
				CLANG_WARN_INT_CONVERSION = YES;
				CLANG_WARN_NON_LITERAL_NULL_CONVERSION = YES;
				CLANG_WARN_OBJC_IMPLICIT_RETAIN_SELF = YES;
				CLANG_WARN_OBJC_LITERAL_CONVERSION = YES;
				CLANG_WARN_OBJC_ROOT_CLASS = YES_ERROR;
				CLANG_WARN_QUOTED_INCLUDE_IN_FRAMEWORK_HEADER = YES;
				CLANG_WARN_RANGE_LOOP_ANALYSIS = YES;
				CLANG_WARN_STRICT_PROTOTYPES = YES;
				CLANG_WARN_SUSPICIOUS_MOVE = YES;
				CLANG_WARN_UNGUARDED_AVAILABILITY = YES_AGGRESSIVE;
				CLANG_WARN_UNREACHABLE_CODE = YES;
				CLANG_WARN__DUPLICATE_METHOD_MATCH = YES;
				COPY_PHASE_STRIP = NO;
				DEBUG_INFORMATION_FORMAT = "dwarf-with-dsym";
				ENABLE_NS_ASSERTIONS = NO;
				ENABLE_STRICT_OBJC_MSGSEND = YES;
				GCC_C_LANGUAGE_STANDARD = gnu11;
				GCC_NO_COMMON_BLOCKS = YES;
				GCC_WARN_64_TO_32_BIT_CONVERSION = YES;
				GCC_WARN_ABOUT_RETURN_TYPE = YES_ERROR;
				GCC_WARN_UNDECLARED_SELECTOR = YES;
				GCC_WARN_UNINITIALIZED_AUTOS = YES_AGGRESSIVE;
				GCC_WARN_UNUSED_FUNCTION = YES;
				GCC_WARN_UNUSED_VARIABLE = YES;
				IPHONEOS_DEPLOYMENT_TARGET = 14.5;
				MTL_ENABLE_DEBUG_INFO = NO;
				MTL_FAST_MATH = YES;
				SDKROOT = iphoneos;
				SWIFT_COMPILATION_MODE = wholemodule;
				SWIFT_OPTIMIZATION_LEVEL = "-O";
				VALIDATE_PRODUCT = YES;
			};
			name = Release;
		};
		5DDCFBE326F272C7001AF897 /* Debug */ = {
			isa = XCBuildConfiguration;
			buildSettings = {
				ASSETCATALOG_COMPILER_APPICON_NAME = AppIcon;
				ASSETCATALOG_COMPILER_GLOBAL_ACCENT_COLOR_NAME = AccentColor;
				CODE_SIGN_STYLE = Automatic;
				DEVELOPMENT_TEAM = 33VGNW837K;
				INFOPLIST_FILE = "XinhaoSong-Lab2/Info.plist";
				LD_RUNPATH_SEARCH_PATHS = (
					"$(inherited)",
					"@executable_path/Frameworks",
				);
				PRODUCT_BUNDLE_IDENTIFIER = "wustl.edu.XinhaoSong-Lab2";
				PRODUCT_NAME = "$(TARGET_NAME)";
				SWIFT_VERSION = 5.0;
				TARGETED_DEVICE_FAMILY = "1,2";
			};
			name = Debug;
		};
		5DDCFBE426F272C7001AF897 /* Release */ = {
			isa = XCBuildConfiguration;
			buildSettings = {
				ASSETCATALOG_COMPILER_APPICON_NAME = AppIcon;
				ASSETCATALOG_COMPILER_GLOBAL_ACCENT_COLOR_NAME = AccentColor;
				CODE_SIGN_STYLE = Automatic;
				DEVELOPMENT_TEAM = 33VGNW837K;
				INFOPLIST_FILE = "XinhaoSong-Lab2/Info.plist";
				LD_RUNPATH_SEARCH_PATHS = (
					"$(inherited)",
					"@executable_path/Frameworks",
				);
				PRODUCT_BUNDLE_IDENTIFIER = "wustl.edu.XinhaoSong-Lab2";
				PRODUCT_NAME = "$(TARGET_NAME)";
				SWIFT_VERSION = 5.0;
				TARGETED_DEVICE_FAMILY = "1,2";
			};
			name = Release;
		};
/* End XCBuildConfiguration section */

/* Begin XCConfigurationList section */
		5DDCFBC926F272C2001AF897 /* Build configuration list for PBXProject "XinhaoSong-Lab2" */ = {
			isa = XCConfigurationList;
			buildConfigurations = (
				5DDCFBE026F272C7001AF897 /* Debug */,
				5DDCFBE126F272C7001AF897 /* Release */,
			);
			defaultConfigurationIsVisible = 0;
			defaultConfigurationName = Release;
		};
		5DDCFBE226F272C7001AF897 /* Build configuration list for PBXNativeTarget "XinhaoSong-Lab2" */ = {
			isa = XCConfigurationList;
			buildConfigurations = (
				5DDCFBE326F272C7001AF897 /* Debug */,
				5DDCFBE426F272C7001AF897 /* Release */,
			);
			defaultConfigurationIsVisible = 0;
			defaultConfigurationName = Release;
		};
/* End XCConfigurationList section */
	};
	rootObject = 5DDCFBC626F272C2001AF897 /* Project object */;
}
